
Microsoft Visual Studio Solution File, Format Version 12.00
# Visual Studio Version 17
VisualStudioVersion = 17.10.34928.147
MinimumVisualStudioVersion = 10.0.40219.1
Project("{FAE04EC0-301F-11D3-BF4B-00C04F79EFBC}") = "homeWorkArrayValueShift", "homeWorkArrayValueShift.csproj", "{223B2900-90C6-48A2-8135-C4D07488A648}"
EndProject
Global
	GlobalSection(SolutionConfigurationPlatforms) = preSolution
		Debug|Any CPU = Debug|Any CPU
		Release|Any CPU = Release|Any CPU
	EndGlobalSection
	GlobalSection(ProjectConfigurationPlatforms) = postSolution
		{223B2900-90C6-48A2-8135-C4D07488A648}.Debug|Any CPU.ActiveCfg = Debug|Any CPU
		{223B2900-90C6-48A2-8135-C4D07488A648}.Debug|Any CPU.Build.0 = Debug|Any CPU
		{223B2900-90C6-48A2-8135-C4D07488A648}.Release|Any CPU.ActiveCfg = Release|Any CPU
		{223B2900-90C6-48A2-8135-C4D07488A648}.Release|Any CPU.Build.0 = Release|Any CPU
	EndGlobalSection
	GlobalSection(SolutionProperties) = preSolution
		HideSolutionNode = FALSE
	EndGlobalSection
	GlobalSection(ExtensibilityGlobals) = postSolution
		SolutionGuid = {56BB5A03-536A-4A60-95B8-A99C7AEA949F}
	EndGlobalSection
EndGlobal
